// !$*UTF8*$!
{
	archiveVersion = 1;
	classes = {
	};
	objectVersion = 50;
	objects = {

/* Begin PBXBuildFile section */
		722AF2A6248326CA00BD868B /* AppDelegate.swift in Sources */ = {isa = PBXBuildFile; fileRef = 722AF2A5248326CA00BD868B /* AppDelegate.swift */; };
		722AF2AC248326CA00BD868B /* GameScene.swift in Sources */ = {isa = PBXBuildFile; fileRef = 722AF2AB248326CA00BD868B /* GameScene.swift */; };
		722AF2AE248326CA00BD868B /* GameViewController.swift in Sources */ = {isa = PBXBuildFile; fileRef = 722AF2AD248326CA00BD868B /* GameViewController.swift */; };
		722AF2B1248326CA00BD868B /* Main.storyboard in Resources */ = {isa = PBXBuildFile; fileRef = 722AF2AF248326CA00BD868B /* Main.storyboard */; };
		722AF2B3248326CC00BD868B /* Assets.xcassets in Resources */ = {isa = PBXBuildFile; fileRef = 722AF2B2248326CC00BD868B /* Assets.xcassets */; };
		722AF2C5248328C400BD868B /* drop.mp3 in Resources */ = {isa = PBXBuildFile; fileRef = 722AF2C0248328C400BD868B /* drop.mp3 */; };
		722AF2C6248328C400BD868B /* levelup.mp3 in Resources */ = {isa = PBXBuildFile; fileRef = 722AF2C1248328C400BD868B /* levelup.mp3 */; };
		722AF2C7248328C400BD868B /* gameover.mp3 in Resources */ = {isa = PBXBuildFile; fileRef = 722AF2C2248328C400BD868B /* gameover.mp3 */; };
		722AF2C8248328C400BD868B /* theme.mp3 in Resources */ = {isa = PBXBuildFile; fileRef = 722AF2C3248328C400BD868B /* theme.mp3 */; };
		722AF2C9248328C400BD868B /* bomb.mp3 in Resources */ = {isa = PBXBuildFile; fileRef = 722AF2C4248328C400BD868B /* bomb.mp3 */; };
		722AF2CB248328F600BD868B /* Sprites.atlas in Resources */ = {isa = PBXBuildFile; fileRef = 722AF2CA248328F600BD868B /* Sprites.atlas */; };
		722AF2CD24832D4400BD868B /* Array2D.swift in Sources */ = {isa = PBXBuildFile; fileRef = 722AF2CC24832D4400BD868B /* Array2D.swift */; };
		722AF2CF2483326000BD868B /* Block.swift in Sources */ = {isa = PBXBuildFile; fileRef = 722AF2CE2483326000BD868B /* Block.swift */; };
		722AF2D12483374700BD868B /* Shape.swift in Sources */ = {isa = PBXBuildFile; fileRef = 722AF2D02483374700BD868B /* Shape.swift */; };
		722AF2D324833F7900BD868B /* SquareShape.swift in Sources */ = {isa = PBXBuildFile; fileRef = 722AF2D224833F7900BD868B /* SquareShape.swift */; };
		722AF2D524833FBA00BD868B /* TShape.swift in Sources */ = {isa = PBXBuildFile; fileRef = 722AF2D424833FBA00BD868B /* TShape.swift */; };
		722AF2D72483404200BD868B /* LineShape.swift in Sources */ = {isa = PBXBuildFile; fileRef = 722AF2D62483404200BD868B /* LineShape.swift */; };
		722AF2D92483406100BD868B /* LShape.swift in Sources */ = {isa = PBXBuildFile; fileRef = 722AF2D82483406100BD868B /* LShape.swift */; };
		722AF2DB2483408300BD868B /* JShape.swift in Sources */ = {isa = PBXBuildFile; fileRef = 722AF2DA2483408300BD868B /* JShape.swift */; };
		722AF2DD2483409E00BD868B /* SShape.swift in Sources */ = {isa = PBXBuildFile; fileRef = 722AF2DC2483409E00BD868B /* SShape.swift */; };
		722AF2DF248340B900BD868B /* ZShape.swift in Sources */ = {isa = PBXBuildFile; fileRef = 722AF2DE248340B900BD868B /* ZShape.swift */; };
		722AF2E1248342DC00BD868B /* Swiftris.swift in Sources */ = {isa = PBXBuildFile; fileRef = 722AF2E0248342DC00BD868B /* Swiftris.swift */; };
/* End PBXBuildFile section */

/* Begin PBXFileReference section */
		722AF2A2248326CA00BD868B /* Swiftris2.app */ = {isa = PBXFileReference; explicitFileType = wrapper.application; includeInIndex = 0; path = Swiftris2.app; sourceTree = BUILT_PRODUCTS_DIR; };
		722AF2A5248326CA00BD868B /* AppDelegate.swift */ = {isa = PBXFileReference; lastKnownFileType = sourcecode.swift; path = AppDelegate.swift; sourceTree = "<group>"; };
		722AF2AB248326CA00BD868B /* GameScene.swift */ = {isa = PBXFileReference; lastKnownFileType = sourcecode.swift; path = GameScene.swift; sourceTree = "<group>"; };
		722AF2AD248326CA00BD868B /* GameViewController.swift */ = {isa = PBXFileReference; lastKnownFileType = sourcecode.swift; path = GameViewController.swift; sourceTree = "<group>"; };
		722AF2B0248326CA00BD868B /* Base */ = {isa = PBXFileReference; lastKnownFileType = file.storyboard; name = Base; path = Base.lproj/Main.storyboard; sourceTree = "<group>"; };
		722AF2B2248326CC00BD868B /* Assets.xcassets */ = {isa = PBXFileReference; lastKnownFileType = folder.assetcatalog; path = Assets.xcassets; sourceTree = "<group>"; };
		722AF2B7248326CC00BD868B /* Info.plist */ = {isa = PBXFileReference; lastKnownFileType = text.plist.xml; path = Info.plist; sourceTree = "<group>"; };
		722AF2C0248328C400BD868B /* drop.mp3 */ = {isa = PBXFileReference; lastKnownFileType = audio.mp3; path = drop.mp3; sourceTree = "<group>"; };
		722AF2C1248328C400BD868B /* levelup.mp3 */ = {isa = PBXFileReference; lastKnownFileType = audio.mp3; path = levelup.mp3; sourceTree = "<group>"; };
		722AF2C2248328C400BD868B /* gameover.mp3 */ = {isa = PBXFileReference; lastKnownFileType = audio.mp3; path = gameover.mp3; sourceTree = "<group>"; };
		722AF2C3248328C400BD868B /* theme.mp3 */ = {isa = PBXFileReference; lastKnownFileType = audio.mp3; path = theme.mp3; sourceTree = "<group>"; };
		722AF2C4248328C400BD868B /* bomb.mp3 */ = {isa = PBXFileReference; lastKnownFileType = audio.mp3; path = bomb.mp3; sourceTree = "<group>"; };
		722AF2CA248328F600BD868B /* Sprites.atlas */ = {isa = PBXFileReference; lastKnownFileType = folder.skatlas; path = Sprites.atlas; sourceTree = "<group>"; };
		722AF2CC24832D4400BD868B /* Array2D.swift */ = {isa = PBXFileReference; lastKnownFileType = sourcecode.swift; path = Array2D.swift; sourceTree = "<group>"; };
		722AF2CE2483326000BD868B /* Block.swift */ = {isa = PBXFileReference; lastKnownFileType = sourcecode.swift; path = Block.swift; sourceTree = "<group>"; };
		722AF2D02483374700BD868B /* Shape.swift */ = {isa = PBXFileReference; lastKnownFileType = sourcecode.swift; path = Shape.swift; sourceTree = "<group>"; };
		722AF2D224833F7900BD868B /* SquareShape.swift */ = {isa = PBXFileReference; lastKnownFileType = sourcecode.swift; path = SquareShape.swift; sourceTree = "<group>"; };
		722AF2D424833FBA00BD868B /* TShape.swift */ = {isa = PBXFileReference; lastKnownFileType = sourcecode.swift; path = TShape.swift; sourceTree = "<group>"; };
		722AF2D62483404200BD868B /* LineShape.swift */ = {isa = PBXFileReference; lastKnownFileType = sourcecode.swift; path = LineShape.swift; sourceTree = "<group>"; };
		722AF2D82483406100BD868B /* LShape.swift */ = {isa = PBXFileReference; lastKnownFileType = sourcecode.swift; path = LShape.swift; sourceTree = "<group>"; };
		722AF2DA2483408300BD868B /* JShape.swift */ = {isa = PBXFileReference; lastKnownFileType = sourcecode.swift; path = JShape.swift; sourceTree = "<group>"; };
		722AF2DC2483409E00BD868B /* SShape.swift */ = {isa = PBXFileReference; lastKnownFileType = sourcecode.swift; path = SShape.swift; sourceTree = "<group>"; };
		722AF2DE248340B900BD868B /* ZShape.swift */ = {isa = PBXFileReference; lastKnownFileType = sourcecode.swift; path = ZShape.swift; sourceTree = "<group>"; };
		722AF2E0248342DC00BD868B /* Swiftris.swift */ = {isa = PBXFileReference; lastKnownFileType = sourcecode.swift; path = Swiftris.swift; sourceTree = "<group>"; };
/* End PBXFileReference section */

/* Begin PBXFrameworksBuildPhase section */
		722AF29F248326CA00BD868B /* Frameworks */ = {
			isa = PBXFrameworksBuildPhase;
			buildActionMask = 2147483647;
			files = (
			);
			runOnlyForDeploymentPostprocessing = 0;
		};
/* End PBXFrameworksBuildPhase section */

/* Begin PBXGroup section */
		722AF299248326CA00BD868B = {
			isa = PBXGroup;
			children = (
				722AF2A4248326CA00BD868B /* Swiftris2 */,
				722AF2A3248326CA00BD868B /* Products */,
				722AF2BF248328C400BD868B /* Sounds */,
			);
			sourceTree = "<group>";
		};
		722AF2A3248326CA00BD868B /* Products */ = {
			isa = PBXGroup;
			children = (
				722AF2A2248326CA00BD868B /* Swiftris2.app */,
			);
			name = Products;
			sourceTree = "<group>";
		};
		722AF2A4248326CA00BD868B /* Swiftris2 */ = {
			isa = PBXGroup;
			children = (
				722AF2A5248326CA00BD868B /* AppDelegate.swift */,
				722AF2AB248326CA00BD868B /* GameScene.swift */,
				722AF2CE2483326000BD868B /* Block.swift */,
				722AF2D02483374700BD868B /* Shape.swift */,
				722AF2E0248342DC00BD868B /* Swiftris.swift */,
				722AF2D224833F7900BD868B /* SquareShape.swift */,
				722AF2D424833FBA00BD868B /* TShape.swift */,
				722AF2D62483404200BD868B /* LineShape.swift */,
				722AF2D82483406100BD868B /* LShape.swift */,
				722AF2DA2483408300BD868B /* JShape.swift */,
				722AF2DC2483409E00BD868B /* SShape.swift */,
				722AF2DE248340B900BD868B /* ZShape.swift */,
				722AF2AD248326CA00BD868B /* GameViewController.swift */,
				722AF2CC24832D4400BD868B /* Array2D.swift */,
				722AF2AF248326CA00BD868B /* Main.storyboard */,
				722AF2B2248326CC00BD868B /* Assets.xcassets */,
				722AF2B7248326CC00BD868B /* Info.plist */,
			);
			path = Swiftris2;
			sourceTree = "<group>";
		};
		722AF2BF248328C400BD868B /* Sounds */ = {
			isa = PBXGroup;
			children = (
				722AF2CA248328F600BD868B /* Sprites.atlas */,
				722AF2C0248328C400BD868B /* drop.mp3 */,
				722AF2C1248328C400BD868B /* levelup.mp3 */,
				722AF2C2248328C400BD868B /* gameover.mp3 */,
				722AF2C3248328C400BD868B /* theme.mp3 */,
				722AF2C4248328C400BD868B /* bomb.mp3 */,
			);
			path = Sounds;
			sourceTree = "<group>";
		};
/* End PBXGroup section */

/* Begin PBXNativeTarget section */
		722AF2A1248326CA00BD868B /* Swiftris2 */ = {
			isa = PBXNativeTarget;
			buildConfigurationList = 722AF2BA248326CC00BD868B /* Build configuration list for PBXNativeTarget "Swiftris2" */;
			buildPhases = (
				722AF29E248326CA00BD868B /* Sources */,
				722AF29F248326CA00BD868B /* Frameworks */,
				722AF2A0248326CA00BD868B /* Resources */,
			);
			buildRules = (
			);
			dependencies = (
			);
			name = Swiftris2;
			productName = Swiftris2;
			productReference = 722AF2A2248326CA00BD868B /* Swiftris2.app */;
			productType = "com.apple.product-type.application";
		};
/* End PBXNativeTarget section */

/* Begin PBXProject section */
		722AF29A248326CA00BD868B /* Project object */ = {
			isa = PBXProject;
			attributes = {
				LastSwiftUpdateCheck = 1150;
				LastUpgradeCheck = 1150;
				ORGANIZATIONNAME = Barnes;
				TargetAttributes = {
					722AF2A1248326CA00BD868B = {
						CreatedOnToolsVersion = 11.5;
					};
				};
			};
			buildConfigurationList = 722AF29D248326CA00BD868B /* Build configuration list for PBXProject "Swiftris2" */;
			compatibilityVersion = "Xcode 9.3";
			developmentRegion = en;
			hasScannedForEncodings = 0;
			knownRegions = (
				en,
				Base,
			);
			mainGroup = 722AF299248326CA00BD868B;
			productRefGroup = 722AF2A3248326CA00BD868B /* Products */;
			projectDirPath = "";
			projectRoot = "";
			targets = (
				722AF2A1248326CA00BD868B /* Swiftris2 */,
			);
		};
/* End PBXProject section */

/* Begin PBXResourcesBuildPhase section */
		722AF2A0248326CA00BD868B /* Resources */ = {
			isa = PBXResourcesBuildPhase;
			buildActionMask = 2147483647;
			files = (
				722AF2B1248326CA00BD868B /* Main.storyboard in Resources */,
				722AF2C7248328C400BD868B /* gameover.mp3 in Resources */,
				722AF2CB248328F600BD868B /* Sprites.atlas in Resources */,
				722AF2C8248328C400BD868B /* theme.mp3 in Resources */,
				722AF2C9248328C400BD868B /* bomb.mp3 in Resources */,
				722AF2B3248326CC00BD868B /* Assets.xcassets in Resources */,
				722AF2C6248328C400BD868B /* levelup.mp3 in Resources */,
				722AF2C5248328C400BD868B /* drop.mp3 in Resources */,
			);
			runOnlyForDeploymentPostprocessing = 0;
		};
/* End PBXResourcesBuildPhase section */

/* Begin PBXSourcesBuildPhase section */
		722AF29E248326CA00BD868B /* Sources */ = {
			isa = PBXSourcesBuildPhase;
			buildActionMask = 2147483647;
			files = (
				722AF2D92483406100BD868B /* LShape.swift in Sources */,
				722AF2D324833F7900BD868B /* SquareShape.swift in Sources */,
				722AF2AC248326CA00BD868B /* GameScene.swift in Sources */,
				722AF2DB2483408300BD868B /* JShape.swift in Sources */,
				722AF2E1248342DC00BD868B /* Swiftris.swift in Sources */,
				722AF2D12483374700BD868B /* Shape.swift in Sources */,
				722AF2CD24832D4400BD868B /* Array2D.swift in Sources */,
				722AF2D72483404200BD868B /* LineShape.swift in Sources */,
				722AF2DD2483409E00BD868B /* SShape.swift in Sources */,
				722AF2D524833FBA00BD868B /* TShape.swift in Sources */,
				722AF2CF2483326000BD868B /* Block.swift in Sources */,
				722AF2AE248326CA00BD868B /* GameViewController.swift in Sources */,
				722AF2DF248340B900BD868B /* ZShape.swift in Sources */,
				722AF2A6248326CA00BD868B /* AppDelegate.swift in Sources */,
			);
			runOnlyForDeploymentPostprocessing = 0;
		};
/* End PBXSourcesBuildPhase section */

/* Begin PBXVariantGroup section */
		722AF2AF248326CA00BD868B /* Main.storyboard */ = {
			isa = PBXVariantGroup;
			children = (
				722AF2B0248326CA00BD868B /* Base */,
			);
			name = Main.storyboard;
			sourceTree = "<group>";
		};
/* End PBXVariantGroup section */

/* Begin XCBuildConfiguration section */
		722AF2B8248326CC00BD868B /* Debug */ = {
			isa = XCBuildConfiguration;
			buildSettings = {
				ALWAYS_SEARCH_USER_PATHS = NO;
				CLANG_ANALYZER_NONNULL = YES;
				CLANG_ANALYZER_NUMBER_OBJECT_CONVERSION = YES_AGGRESSIVE;
				CLANG_CXX_LANGUAGE_STANDARD = "gnu++14";
				CLANG_CXX_LIBRARY = "libc++";
				CLANG_ENABLE_MODULES = YES;
				CLANG_ENABLE_OBJC_ARC = YES;
				CLANG_ENABLE_OBJC_WEAK = YES;
				CLANG_WARN_BLOCK_CAPTURE_AUTORELEASING = YES;
				CLANG_WARN_BOOL_CONVERSION = YES;
				CLANG_WARN_COMMA = YES;
				CLANG_WARN_CONSTANT_CONVERSION = YES;
				CLANG_WARN_DEPRECATED_OBJC_IMPLEMENTATIONS = YES;
				CLANG_WARN_DIRECT_OBJC_ISA_USAGE = YES_ERROR;
				CLANG_WARN_DOCUMENTATION_COMMENTS = YES;
				CLANG_WARN_EMPTY_BODY = YES;
				CLANG_WARN_ENUM_CONVERSION = YES;
				CLANG_WARN_INFINITE_RECURSION = YES;
				CLANG_WARN_INT_CONVERSION = YES;
				CLANG_WARN_NON_LITERAL_NULL_CONVERSION = YES;
				CLANG_WARN_OBJC_IMPLICIT_RETAIN_SELF = YES;
				CLANG_WARN_OBJC_LITERAL_CONVERSION = YES;
				CLANG_WARN_OBJC_ROOT_CLASS = YES_ERROR;
				CLANG_WARN_RANGE_LOOP_ANALYSIS = YES;
				CLANG_WARN_STRICT_PROTOTYPES = YES;
				CLANG_WARN_SUSPICIOUS_MOVE = YES;
				CLANG_WARN_UNGUARDED_AVAILABILITY = YES_AGGRESSIVE;
				CLANG_WARN_UNREACHABLE_CODE = YES;
				CLANG_WARN__DUPLICATE_METHOD_MATCH = YES;
				COPY_PHASE_STRIP = NO;
				DEBUG_INFORMATION_FORMAT = dwarf;
				ENABLE_STRICT_OBJC_MSGSEND = YES;
				ENABLE_TESTABILITY = YES;
				GCC_C_LANGUAGE_STANDARD = gnu11;
				GCC_DYNAMIC_NO_PIC = NO;
				GCC_NO_COMMON_BLOCKS = YES;
				GCC_OPTIMIZATION_LEVEL = 0;
				GCC_PREPROCESSOR_DEFINITIONS = (
					"DEBUG=1",
					"$(inherited)",
				);
				GCC_WARN_64_TO_32_BIT_CONVERSION = YES;
				GCC_WARN_ABOUT_RETURN_TYPE = YES_ERROR;
				GCC_WARN_UNDECLARED_SELECTOR = YES;
				GCC_WARN_UNINITIALIZED_AUTOS = YES_AGGRESSIVE;
				GCC_WARN_UNUSED_FUNCTION = YES;
				GCC_WARN_UNUSED_VARIABLE = YES;
				IPHONEOS_DEPLOYMENT_TARGET = 13.5;
				MTL_ENABLE_DEBUG_INFO = INCLUDE_SOURCE;
				MTL_FAST_MATH = YES;
				ONLY_ACTIVE_ARCH = YES;
				SDKROOT = iphoneos;
				SWIFT_ACTIVE_COMPILATION_CONDITIONS = DEBUG;
				SWIFT_OPTIMIZATION_LEVEL = "-Onone";
			};
			name = Debug;
		};
		722AF2B9248326CC00BD868B /* Release */ = {
			isa = XCBuildConfiguration;
			buildSettings = {
				ALWAYS_SEARCH_USER_PATHS = NO;
				CLANG_ANALYZER_NONNULL = YES;
				CLANG_ANALYZER_NUMBER_OBJECT_CONVERSION = YES_AGGRESSIVE;
				CLANG_CXX_LANGUAGE_STANDARD = "gnu++14";
				CLANG_CXX_LIBRARY = "libc++";
				CLANG_ENABLE_MODULES = YES;
				CLANG_ENABLE_OBJC_ARC = YES;
				CLANG_ENABLE_OBJC_WEAK = YES;
				CLANG_WARN_BLOCK_CAPTURE_AUTORELEASING = YES;
				CLANG_WARN_BOOL_CONVERSION = YES;
				CLANG_WARN_COMMA = YES;
				CLANG_WARN_CONSTANT_CONVERSION = YES;
				CLANG_WARN_DEPRECATED_OBJC_IMPLEMENTATIONS = YES;
				CLANG_WARN_DIRECT_OBJC_ISA_USAGE = YES_ERROR;
				CLANG_WARN_DOCUMENTATION_COMMENTS = YES;
				CLANG_WARN_EMPTY_BODY = YES;
				CLANG_WARN_ENUM_CONVERSION = YES;
				CLANG_WARN_INFINITE_RECURSION = YES;
				CLANG_WARN_INT_CONVERSION = YES;
				CLANG_WARN_NON_LITERAL_NULL_CONVERSION = YES;
				CLANG_WARN_OBJC_IMPLICIT_RETAIN_SELF = YES;
				CLANG_WARN_OBJC_LITERAL_CONVERSION = YES;
				CLANG_WARN_OBJC_ROOT_CLASS = YES_ERROR;
				CLANG_WARN_RANGE_LOOP_ANALYSIS = YES;
				CLANG_WARN_STRICT_PROTOTYPES = YES;
				CLANG_WARN_SUSPICIOUS_MOVE = YES;
				CLANG_WARN_UNGUARDED_AVAILABILITY = YES_AGGRESSIVE;
				CLANG_WARN_UNREACHABLE_CODE = YES;
				CLANG_WARN__DUPLICATE_METHOD_MATCH = YES;
				COPY_PHASE_STRIP = NO;
				DEBUG_INFORMATION_FORMAT = "dwarf-with-dsym";
				ENABLE_NS_ASSERTIONS = NO;
				ENABLE_STRICT_OBJC_MSGSEND = YES;
				GCC_C_LANGUAGE_STANDARD = gnu11;
				GCC_NO_COMMON_BLOCKS = YES;
				GCC_WARN_64_TO_32_BIT_CONVERSION = YES;
				GCC_WARN_ABOUT_RETURN_TYPE = YES_ERROR;
				GCC_WARN_UNDECLARED_SELECTOR = YES;
				GCC_WARN_UNINITIALIZED_AUTOS = YES_AGGRESSIVE;
				GCC_WARN_UNUSED_FUNCTION = YES;
				GCC_WARN_UNUSED_VARIABLE = YES;
				IPHONEOS_DEPLOYMENT_TARGET = 13.5;
				MTL_ENABLE_DEBUG_INFO = NO;
				MTL_FAST_MATH = YES;
				SDKROOT = iphoneos;
				SWIFT_COMPILATION_MODE = wholemodule;
				SWIFT_OPTIMIZATION_LEVEL = "-O";
				VALIDATE_PRODUCT = YES;
			};
			name = Release;
		};
		722AF2BB248326CC00BD868B /* Debug */ = {
			isa = XCBuildConfiguration;
			buildSettings = {
				ASSETCATALOG_COMPILER_APPICON_NAME = AppIcon;
				CODE_SIGN_STYLE = Automatic;
				DEVELOPMENT_TEAM = E2R9SVTG8R;
				INFOPLIST_FILE = Swiftris2/Info.plist;
				LD_RUNPATH_SEARCH_PATHS = (
					"$(inherited)",
					"@executable_path/Frameworks",
				);
				PRODUCT_BUNDLE_IDENTIFIER = Barnes.Swiftris2;
				PRODUCT_NAME = "$(TARGET_NAME)";
				SWIFT_VERSION = 5.0;
				TARGETED_DEVICE_FAMILY = 1;
			};
			name = Debug;
		};
		722AF2BC248326CC00BD868B /* Release */ = {
			isa = XCBuildConfiguration;
			buildSettings = {
				ASSETCATALOG_COMPILER_APPICON_NAME = AppIcon;
				CODE_SIGN_STYLE = Automatic;
				DEVELOPMENT_TEAM = E2R9SVTG8R;
				INFOPLIST_FILE = Swiftris2/Info.plist;
				LD_RUNPATH_SEARCH_PATHS = (
					"$(inherited)",
					"@executable_path/Frameworks",
				);
				PRODUCT_BUNDLE_IDENTIFIER = Barnes.Swiftris2;
				PRODUCT_NAME = "$(TARGET_NAME)";
				SWIFT_VERSION = 5.0;
				TARGETED_DEVICE_FAMILY = 1;
			};
			name = Release;
		};
/* End XCBuildConfiguration section */

/* Begin XCConfigurationList section */
		722AF29D248326CA00BD868B /* Build configuration list for PBXProject "Swiftris2" */ = {
			isa = XCConfigurationList;
			buildConfigurations = (
				722AF2B8248326CC00BD868B /* Debug */,
				722AF2B9248326CC00BD868B /* Release */,
			);
			defaultConfigurationIsVisible = 0;
			defaultConfigurationName = Release;
		};
		722AF2BA248326CC00BD868B /* Build configuration list for PBXNativeTarget "Swiftris2" */ = {
			isa = XCConfigurationList;
			buildConfigurations = (
				722AF2BB248326CC00BD868B /* Debug */,
				722AF2BC248326CC00BD868B /* Release */,
			);
			defaultConfigurationIsVisible = 0;
			defaultConfigurationName = Release;
		};
/* End XCConfigurationList section */
	};
	rootObject = 722AF29A248326CA00BD868B /* Project object */;
}
